
Microsoft Visual Studio Solution File, Format Version 12.00
Project("{2150E333-8FDC-42A3-9474-1A3956D46DE8}") = "aws-deployment", "aws-deployment", "{55AFC3D5-30DB-404E-8A27-191B99890150}"
	ProjectSection(SolutionItems) = preProject
		aws\05-backend-deployment.yaml = aws\05-backend-deployment.yaml
		aws\01-certificates-deployment.yaml = aws\01-certificates-deployment.yaml
		aws\10-frontend-deployment.yaml = aws\10-frontend-deployment.yaml
		aws\20-cloudfront-deployment.yaml = aws\20-cloudfront-deployment.yaml
		aws\README.md = aws\README.md
		aws\30-dns-deployment.yaml = aws\30-dns-deployment.yaml
		aws\06-api-gateway.yaml = aws\06-api-gateway.yaml
		aws\18-lambda-edge.yaml = aws\18-lambda-edge.yaml
		aws\00-account-settings.yaml = aws\00-account-settings.yaml
	EndProjectSection
EndProject
Project("{FAE04EC0-301F-11D3-BF4B-00C04F79EFBC}") = "Lambda.AddConcert", "Lambda.AddConcert\src\Lambda.AddConcert\Lambda.AddConcert.csproj", "{44164B0A-34D0-46CE-B782-DA308B45F3FE}"
EndProject
Project("{FAE04EC0-301F-11D3-BF4B-00C04F79EFBC}") = "DataStructure", "DataStructure\DataStructure.csproj", "{FFC2CB48-2CEE-4BD9-B1B5-DEA66CD345DB}"
EndProject
Project("{FAE04EC0-301F-11D3-BF4B-00C04F79EFBC}") = "Lambda.AddConcert.Tests", "Lambda.AddConcert\test\Lambda.AddConcert.Tests\Lambda.AddConcert.Tests.csproj", "{5AE8CA1F-CB0D-4293-AF93-4233B26000AE}"
EndProject
Project("{FAE04EC0-301F-11D3-BF4B-00C04F79EFBC}") = "Lambda.ListConcerts", "Lambda.ListConcerts\src\Lambda.ListConcerts\Lambda.ListConcerts.csproj", "{1718FAEA-5C0A-4C0A-B5CC-582833138DB2}"
EndProject
Project("{FAE04EC0-301F-11D3-BF4B-00C04F79EFBC}") = "Lambda.ListConcerts.Tests", "Lambda.ListConcerts\test\Lambda.ListConcerts.Tests\Lambda.ListConcerts.Tests.csproj", "{5F972789-72F2-471B-A390-544BECFB746D}"
EndProject
Project("{FAE04EC0-301F-11D3-BF4B-00C04F79EFBC}") = "Lambda.DeleteConcert", "Lambda.DeleteConcert\src\Lambda.DeleteConcert\Lambda.DeleteConcert.csproj", "{8BAB8F18-C80B-4029-83AF-8EBDC2B58E4A}"
EndProject
Project("{FAE04EC0-301F-11D3-BF4B-00C04F79EFBC}") = "Lambda.DeleteConcert.Tests", "Lambda.DeleteConcert\test\Lambda.DeleteConcert.Tests\Lambda.DeleteConcert.Tests.csproj", "{3942AB16-B10F-4484-8C62-85C18260F762}"
EndProject
Project("{FAE04EC0-301F-11D3-BF4B-00C04F79EFBC}") = "Lambda.CalendarFeed", "Lambda.CalendarFeed\src\Lambda.CalendarFeed\Lambda.CalendarFeed.csproj", "{0B0D7B72-4F57-44E9-A7F9-B1CD04360910}"
EndProject
Project("{FAE04EC0-301F-11D3-BF4B-00C04F79EFBC}") = "Lambda.CalendarFeed.Tests", "Lambda.CalendarFeed\test\Lambda.CalendarFeed.Tests\Lambda.CalendarFeed.Tests.csproj", "{0BA265C5-2197-4477-8971-6E3BA81366AC}"
EndProject
Project("{FAE04EC0-301F-11D3-BF4B-00C04F79EFBC}") = "CloudFront.CacheInvalidator", "CloudFront.CacheInvalidator\CloudFront.CacheInvalidator.csproj", "{3CBA9F8F-1A87-4636-9913-D20DFB45CA2A}"
EndProject
Project("{FAE04EC0-301F-11D3-BF4B-00C04F79EFBC}") = "Lambda.ImportConcerts", "Lambda.ImportConcerts\src\Lambda.ImportConcerts\Lambda.ImportConcerts.csproj", "{73F663B8-A15B-492C-8B5D-B5AAEB3DABA2}"
EndProject
Project("{FAE04EC0-301F-11D3-BF4B-00C04F79EFBC}") = "Lambda.ImportConcerts.Tests", "Lambda.ImportConcerts\test\Lambda.ImportConcerts.Tests\Lambda.ImportConcerts.Tests.csproj", "{B5A29AD2-0375-4CA1-9E11-A989B7B09005}"
EndProject
Project("{2150E333-8FDC-42A3-9474-1A3956D46DE8}") = "scripts", "scripts", "{0D4FCA95-FE2A-41E2-9B4E-FDE9D4FB3BE2}"
	ProjectSection(SolutionItems) = preProject
		publishAllDotnetLambdas.sh = publishAllDotnetLambdas.sh
		publishDotnetLambda.sh = publishDotnetLambda.sh
		generateGitHubJobMatrix.sh = .github/workflows/generateGitHubJobMatrix.sh
	EndProjectSection
EndProject
Project("{FAE04EC0-301F-11D3-BF4B-00C04F79EFBC}") = "Lambda.GetS3UploadUrl", "Lambda.GetS3UploadUrl\src\Lambda.GetS3UploadUrl\Lambda.GetS3UploadUrl.csproj", "{6A4EE69F-AD35-45F4-83C7-CCBF904046FE}"
EndProject
Project("{FAE04EC0-301F-11D3-BF4B-00C04F79EFBC}") = "Lambda.GetS3UploadUrl.Tests", "Lambda.GetS3UploadUrl\test\Lambda.GetS3UploadUrl.Tests\Lambda.GetS3UploadUrl.Tests.csproj", "{723B07BB-A88F-431E-9851-83EE28872438}"
EndProject
Project("{FAE04EC0-301F-11D3-BF4B-00C04F79EFBC}") = "DataStructure.Tests", "DataStructure.Tests\DataStructure.Tests.csproj", "{C19C1438-0660-4D97-8CA0-71461E7003FC}"
EndProject
Project("{FAE04EC0-301F-11D3-BF4B-00C04F79EFBC}") = "Lambda.AdjacentConcerts", "Lambda.AdjacentConcerts\src\Lambda.AdjacentConcerts\Lambda.AdjacentConcerts.csproj", "{C9B0B6BF-A181-4C6F-81B9-0E4671339AEE}"
EndProject
Project("{FAE04EC0-301F-11D3-BF4B-00C04F79EFBC}") = "Lambda.AdjacentConcerts.Tests", "Lambda.AdjacentConcerts\test\Lambda.AdjacentConcerts.Tests\Lambda.AdjacentConcerts.Tests.csproj", "{D75039E7-F1BF-49CE-A03B-AD882D37BB78}"
EndProject
Project("{FAE04EC0-301F-11D3-BF4B-00C04F79EFBC}") = "Lambda.GetTimeZone", "Lambda.GetTimeZone\src\Lambda.GetTimeZone\Lambda.GetTimeZone.csproj", "{F5489EBC-A908-4F6D-AC1D-3831985733CE}"
EndProject
Project("{FAE04EC0-301F-11D3-BF4B-00C04F79EFBC}") = "Lambda.GetTimeZone.Tests", "Lambda.GetTimeZone\test\Lambda.GetTimeZone.Tests\Lambda.GetTimeZone.Tests.csproj", "{293D7CB9-BF6C-42DF-9677-55BD914B888C}"
EndProject
Project("{FAE04EC0-301F-11D3-BF4B-00C04F79EFBC}") = "Lambda.UsersRead", "Lambda.UsersRead\src\Lambda.UsersRead\Lambda.UsersRead.csproj", "{E2D32999-A409-4BC3-851D-DB81699C4C8B}"
EndProject
Project("{FAE04EC0-301F-11D3-BF4B-00C04F79EFBC}") = "Lambda.UsersRead.Tests", "Lambda.UsersRead\test\Lambda.UsersRead.Tests\Lambda.UsersRead.Tests.csproj", "{501209A2-76F5-4985-B397-6994A2D4876A}"
EndProject
Project("{FAE04EC0-301F-11D3-BF4B-00C04F79EFBC}") = "Lambda.Auth", "Lambda.Auth\Lambda.Auth.csproj", "{C50FE569-57FC-4176-8707-F4D9E7EA0356}"
EndProject
Project("{FAE04EC0-301F-11D3-BF4B-00C04F79EFBC}") = "Lambda.AuditLogWriter", "Lambda.AuditLogWriter\src\Lambda.AuditLogWriter\Lambda.AuditLogWriter.csproj", "{54C50188-3C2F-4022-86D3-FB8BA36BEEB6}"
EndProject
Project("{FAE04EC0-301F-11D3-BF4B-00C04F79EFBC}") = "Lambda.AuditLogWriter.Tests", "Lambda.AuditLogWriter\test\Lambda.AuditLogWriter.Tests\Lambda.AuditLogWriter.Tests.csproj", "{45B2B32D-1495-481D-8106-18587B85653A}"
EndProject
Project("{2150E333-8FDC-42A3-9474-1A3956D46DE8}") = "openapi", "openapi", "{101367A1-3CC3-471F-ACAA-BEA34DA8E85D}"
	ProjectSection(SolutionItems) = preProject
		openapi.yaml = openapi.yaml
	EndProjectSection
EndProject
Project("{FAE04EC0-301F-11D3-BF4B-00C04F79EFBC}") = "Lambda.BookmarksWrite", "Lambda.BookmarksWrite\src\Lambda.BookmarksWrite\Lambda.BookmarksWrite.csproj", "{5DFF66E5-4788-4E91-9F90-8E9A84E3749C}"
EndProject
Project("{FAE04EC0-301F-11D3-BF4B-00C04F79EFBC}") = "Lambda.BookmarksWrite.Tests", "Lambda.BookmarksWrite\test\Lambda.BookmarksWrite.Tests\Lambda.BookmarksWrite.Tests.csproj", "{0142783D-57E9-4A34-A165-681B3CE9BECE}"
EndProject
Project("{FAE04EC0-301F-11D3-BF4B-00C04F79EFBC}") = "Lambda.BookmarksRead", "Lambda.BookmarksRead\src\Lambda.BookmarksRead\Lambda.BookmarksRead.csproj", "{52F44B92-F87D-42A9-8B0B-74296B87368E}"
EndProject
Project("{FAE04EC0-301F-11D3-BF4B-00C04F79EFBC}") = "Lambda.BookmarksRead.Tests", "Lambda.BookmarksRead\test\Lambda.BookmarksRead.Tests\Lambda.BookmarksRead.Tests.csproj", "{0A2E739A-DBF2-4998-A662-5F861F1BE705}"
EndProject
Project("{2150E333-8FDC-42A3-9474-1A3956D46DE8}") = "properties", "properties", "{08BB0272-FA80-4C28-8F22-7DC152131631}"
	ProjectSection(SolutionItems) = preProject
		LambdaAotProperties.targets = LambdaAotProperties.targets
	EndProjectSection
EndProject
Project("{FAE04EC0-301F-11D3-BF4B-00C04F79EFBC}") = "Lambda.Common.ApiGateway", "Lambda.Common.ApiGateway\Lambda.Common.ApiGateway.csproj", "{D952637E-93CC-4C80-BEB9-F871D2BC7105}"
EndProject
Project("{FAE04EC0-301F-11D3-BF4B-00C04F79EFBC}") = "Lambda.Push.EndpointManagement", "Lambda.Push.EndpointManagement\src\Lambda.Push.EndpointManagement\Lambda.Push.EndpointManagement.csproj", "{78DD0829-F925-4880-BF04-C69FBE3400F7}"
EndProject
Project("{FAE04EC0-301F-11D3-BF4B-00C04F79EFBC}") = "Lambda.Push.Sender", "Lambda.Push.Sender\src\Lambda.Push.Sender\Lambda.Push.Sender.csproj", "{85B6E8C1-FB97-4D50-8562-C556D55EE565}"
EndProject
Project("{FAE04EC0-301F-11D3-BF4B-00C04F79EFBC}") = "Lambda.ConcertReminder", "Lambda.ConcertReminder\src\Lambda.ConcertReminder\Lambda.ConcertReminder.csproj", "{CE1AD7B8-99B9-4708-BAF4-1AD821D754DB}"
EndProject
Project("{FAE04EC0-301F-11D3-BF4B-00C04F79EFBC}") = "Lambda.UserNotificationsSettings", "Lambda.UserNotificationsSettings\src\Lambda.UserNotificationsSettings\Lambda.UserNotificationsSettings.csproj", "{41266822-F7F1-4D6E-8B9F-628A9A858289}"
EndProject
Global
	GlobalSection(SolutionConfigurationPlatforms) = preSolution
		Debug|Any CPU = Debug|Any CPU
		Release|Any CPU = Release|Any CPU
	EndGlobalSection
	GlobalSection(ProjectConfigurationPlatforms) = postSolution
		{44164B0A-34D0-46CE-B782-DA308B45F3FE}.Debug|Any CPU.ActiveCfg = Debug|Any CPU
		{44164B0A-34D0-46CE-B782-DA308B45F3FE}.Debug|Any CPU.Build.0 = Debug|Any CPU
		{44164B0A-34D0-46CE-B782-DA308B45F3FE}.Release|Any CPU.ActiveCfg = Release|Any CPU
		{44164B0A-34D0-46CE-B782-DA308B45F3FE}.Release|Any CPU.Build.0 = Release|Any CPU
		{FFC2CB48-2CEE-4BD9-B1B5-DEA66CD345DB}.Debug|Any CPU.ActiveCfg = Debug|Any CPU
		{FFC2CB48-2CEE-4BD9-B1B5-DEA66CD345DB}.Debug|Any CPU.Build.0 = Debug|Any CPU
		{FFC2CB48-2CEE-4BD9-B1B5-DEA66CD345DB}.Release|Any CPU.ActiveCfg = Release|Any CPU
		{FFC2CB48-2CEE-4BD9-B1B5-DEA66CD345DB}.Release|Any CPU.Build.0 = Release|Any CPU
		{5AE8CA1F-CB0D-4293-AF93-4233B26000AE}.Debug|Any CPU.ActiveCfg = Debug|Any CPU
		{5AE8CA1F-CB0D-4293-AF93-4233B26000AE}.Debug|Any CPU.Build.0 = Debug|Any CPU
		{5AE8CA1F-CB0D-4293-AF93-4233B26000AE}.Release|Any CPU.ActiveCfg = Release|Any CPU
		{5AE8CA1F-CB0D-4293-AF93-4233B26000AE}.Release|Any CPU.Build.0 = Release|Any CPU
		{1718FAEA-5C0A-4C0A-B5CC-582833138DB2}.Debug|Any CPU.ActiveCfg = Debug|Any CPU
		{1718FAEA-5C0A-4C0A-B5CC-582833138DB2}.Debug|Any CPU.Build.0 = Debug|Any CPU
		{1718FAEA-5C0A-4C0A-B5CC-582833138DB2}.Release|Any CPU.ActiveCfg = Release|Any CPU
		{1718FAEA-5C0A-4C0A-B5CC-582833138DB2}.Release|Any CPU.Build.0 = Release|Any CPU
		{5F972789-72F2-471B-A390-544BECFB746D}.Debug|Any CPU.ActiveCfg = Debug|Any CPU
		{5F972789-72F2-471B-A390-544BECFB746D}.Debug|Any CPU.Build.0 = Debug|Any CPU
		{5F972789-72F2-471B-A390-544BECFB746D}.Release|Any CPU.ActiveCfg = Release|Any CPU
		{5F972789-72F2-471B-A390-544BECFB746D}.Release|Any CPU.Build.0 = Release|Any CPU
		{8BAB8F18-C80B-4029-83AF-8EBDC2B58E4A}.Debug|Any CPU.ActiveCfg = Debug|Any CPU
		{8BAB8F18-C80B-4029-83AF-8EBDC2B58E4A}.Debug|Any CPU.Build.0 = Debug|Any CPU
		{8BAB8F18-C80B-4029-83AF-8EBDC2B58E4A}.Release|Any CPU.ActiveCfg = Release|Any CPU
		{8BAB8F18-C80B-4029-83AF-8EBDC2B58E4A}.Release|Any CPU.Build.0 = Release|Any CPU
		{3942AB16-B10F-4484-8C62-85C18260F762}.Debug|Any CPU.ActiveCfg = Debug|Any CPU
		{3942AB16-B10F-4484-8C62-85C18260F762}.Debug|Any CPU.Build.0 = Debug|Any CPU
		{3942AB16-B10F-4484-8C62-85C18260F762}.Release|Any CPU.ActiveCfg = Release|Any CPU
		{3942AB16-B10F-4484-8C62-85C18260F762}.Release|Any CPU.Build.0 = Release|Any CPU
		{0B0D7B72-4F57-44E9-A7F9-B1CD04360910}.Debug|Any CPU.ActiveCfg = Debug|Any CPU
		{0B0D7B72-4F57-44E9-A7F9-B1CD04360910}.Debug|Any CPU.Build.0 = Debug|Any CPU
		{0B0D7B72-4F57-44E9-A7F9-B1CD04360910}.Release|Any CPU.ActiveCfg = Release|Any CPU
		{0B0D7B72-4F57-44E9-A7F9-B1CD04360910}.Release|Any CPU.Build.0 = Release|Any CPU
		{0BA265C5-2197-4477-8971-6E3BA81366AC}.Debug|Any CPU.ActiveCfg = Debug|Any CPU
		{0BA265C5-2197-4477-8971-6E3BA81366AC}.Debug|Any CPU.Build.0 = Debug|Any CPU
		{0BA265C5-2197-4477-8971-6E3BA81366AC}.Release|Any CPU.ActiveCfg = Release|Any CPU
		{0BA265C5-2197-4477-8971-6E3BA81366AC}.Release|Any CPU.Build.0 = Release|Any CPU
		{3CBA9F8F-1A87-4636-9913-D20DFB45CA2A}.Debug|Any CPU.ActiveCfg = Debug|Any CPU
		{3CBA9F8F-1A87-4636-9913-D20DFB45CA2A}.Debug|Any CPU.Build.0 = Debug|Any CPU
		{3CBA9F8F-1A87-4636-9913-D20DFB45CA2A}.Release|Any CPU.ActiveCfg = Release|Any CPU
		{3CBA9F8F-1A87-4636-9913-D20DFB45CA2A}.Release|Any CPU.Build.0 = Release|Any CPU
		{73F663B8-A15B-492C-8B5D-B5AAEB3DABA2}.Debug|Any CPU.ActiveCfg = Debug|Any CPU
		{73F663B8-A15B-492C-8B5D-B5AAEB3DABA2}.Debug|Any CPU.Build.0 = Debug|Any CPU
		{73F663B8-A15B-492C-8B5D-B5AAEB3DABA2}.Release|Any CPU.ActiveCfg = Release|Any CPU
		{73F663B8-A15B-492C-8B5D-B5AAEB3DABA2}.Release|Any CPU.Build.0 = Release|Any CPU
		{B5A29AD2-0375-4CA1-9E11-A989B7B09005}.Debug|Any CPU.ActiveCfg = Debug|Any CPU
		{B5A29AD2-0375-4CA1-9E11-A989B7B09005}.Debug|Any CPU.Build.0 = Debug|Any CPU
		{B5A29AD2-0375-4CA1-9E11-A989B7B09005}.Release|Any CPU.ActiveCfg = Release|Any CPU
		{B5A29AD2-0375-4CA1-9E11-A989B7B09005}.Release|Any CPU.Build.0 = Release|Any CPU
		{6A4EE69F-AD35-45F4-83C7-CCBF904046FE}.Debug|Any CPU.ActiveCfg = Debug|Any CPU
		{6A4EE69F-AD35-45F4-83C7-CCBF904046FE}.Debug|Any CPU.Build.0 = Debug|Any CPU
		{6A4EE69F-AD35-45F4-83C7-CCBF904046FE}.Release|Any CPU.ActiveCfg = Release|Any CPU
		{6A4EE69F-AD35-45F4-83C7-CCBF904046FE}.Release|Any CPU.Build.0 = Release|Any CPU
		{723B07BB-A88F-431E-9851-83EE28872438}.Debug|Any CPU.ActiveCfg = Debug|Any CPU
		{723B07BB-A88F-431E-9851-83EE28872438}.Debug|Any CPU.Build.0 = Debug|Any CPU
		{723B07BB-A88F-431E-9851-83EE28872438}.Release|Any CPU.ActiveCfg = Release|Any CPU
		{723B07BB-A88F-431E-9851-83EE28872438}.Release|Any CPU.Build.0 = Release|Any CPU
		{C19C1438-0660-4D97-8CA0-71461E7003FC}.Debug|Any CPU.ActiveCfg = Debug|Any CPU
		{C19C1438-0660-4D97-8CA0-71461E7003FC}.Debug|Any CPU.Build.0 = Debug|Any CPU
		{C19C1438-0660-4D97-8CA0-71461E7003FC}.Release|Any CPU.ActiveCfg = Release|Any CPU
		{C19C1438-0660-4D97-8CA0-71461E7003FC}.Release|Any CPU.Build.0 = Release|Any CPU
		{C9B0B6BF-A181-4C6F-81B9-0E4671339AEE}.Debug|Any CPU.ActiveCfg = Debug|Any CPU
		{C9B0B6BF-A181-4C6F-81B9-0E4671339AEE}.Debug|Any CPU.Build.0 = Debug|Any CPU
		{C9B0B6BF-A181-4C6F-81B9-0E4671339AEE}.Release|Any CPU.ActiveCfg = Release|Any CPU
		{C9B0B6BF-A181-4C6F-81B9-0E4671339AEE}.Release|Any CPU.Build.0 = Release|Any CPU
		{D75039E7-F1BF-49CE-A03B-AD882D37BB78}.Debug|Any CPU.ActiveCfg = Debug|Any CPU
		{D75039E7-F1BF-49CE-A03B-AD882D37BB78}.Debug|Any CPU.Build.0 = Debug|Any CPU
		{D75039E7-F1BF-49CE-A03B-AD882D37BB78}.Release|Any CPU.ActiveCfg = Release|Any CPU
		{D75039E7-F1BF-49CE-A03B-AD882D37BB78}.Release|Any CPU.Build.0 = Release|Any CPU
		{F5489EBC-A908-4F6D-AC1D-3831985733CE}.Debug|Any CPU.ActiveCfg = Debug|Any CPU
		{F5489EBC-A908-4F6D-AC1D-3831985733CE}.Debug|Any CPU.Build.0 = Debug|Any CPU
		{F5489EBC-A908-4F6D-AC1D-3831985733CE}.Release|Any CPU.ActiveCfg = Release|Any CPU
		{F5489EBC-A908-4F6D-AC1D-3831985733CE}.Release|Any CPU.Build.0 = Release|Any CPU
		{293D7CB9-BF6C-42DF-9677-55BD914B888C}.Debug|Any CPU.ActiveCfg = Debug|Any CPU
		{293D7CB9-BF6C-42DF-9677-55BD914B888C}.Debug|Any CPU.Build.0 = Debug|Any CPU
		{293D7CB9-BF6C-42DF-9677-55BD914B888C}.Release|Any CPU.ActiveCfg = Release|Any CPU
		{293D7CB9-BF6C-42DF-9677-55BD914B888C}.Release|Any CPU.Build.0 = Release|Any CPU
		{E2D32999-A409-4BC3-851D-DB81699C4C8B}.Debug|Any CPU.ActiveCfg = Debug|Any CPU
		{E2D32999-A409-4BC3-851D-DB81699C4C8B}.Debug|Any CPU.Build.0 = Debug|Any CPU
		{E2D32999-A409-4BC3-851D-DB81699C4C8B}.Release|Any CPU.ActiveCfg = Release|Any CPU
		{E2D32999-A409-4BC3-851D-DB81699C4C8B}.Release|Any CPU.Build.0 = Release|Any CPU
		{501209A2-76F5-4985-B397-6994A2D4876A}.Debug|Any CPU.ActiveCfg = Debug|Any CPU
		{501209A2-76F5-4985-B397-6994A2D4876A}.Debug|Any CPU.Build.0 = Debug|Any CPU
		{501209A2-76F5-4985-B397-6994A2D4876A}.Release|Any CPU.ActiveCfg = Release|Any CPU
		{501209A2-76F5-4985-B397-6994A2D4876A}.Release|Any CPU.Build.0 = Release|Any CPU
		{C50FE569-57FC-4176-8707-F4D9E7EA0356}.Debug|Any CPU.ActiveCfg = Debug|Any CPU
		{C50FE569-57FC-4176-8707-F4D9E7EA0356}.Debug|Any CPU.Build.0 = Debug|Any CPU
		{C50FE569-57FC-4176-8707-F4D9E7EA0356}.Release|Any CPU.ActiveCfg = Release|Any CPU
		{C50FE569-57FC-4176-8707-F4D9E7EA0356}.Release|Any CPU.Build.0 = Release|Any CPU
		{54C50188-3C2F-4022-86D3-FB8BA36BEEB6}.Debug|Any CPU.ActiveCfg = Debug|Any CPU
		{54C50188-3C2F-4022-86D3-FB8BA36BEEB6}.Debug|Any CPU.Build.0 = Debug|Any CPU
		{54C50188-3C2F-4022-86D3-FB8BA36BEEB6}.Release|Any CPU.ActiveCfg = Release|Any CPU
		{54C50188-3C2F-4022-86D3-FB8BA36BEEB6}.Release|Any CPU.Build.0 = Release|Any CPU
		{45B2B32D-1495-481D-8106-18587B85653A}.Debug|Any CPU.ActiveCfg = Debug|Any CPU
		{45B2B32D-1495-481D-8106-18587B85653A}.Debug|Any CPU.Build.0 = Debug|Any CPU
		{45B2B32D-1495-481D-8106-18587B85653A}.Release|Any CPU.ActiveCfg = Release|Any CPU
		{45B2B32D-1495-481D-8106-18587B85653A}.Release|Any CPU.Build.0 = Release|Any CPU
		{5DFF66E5-4788-4E91-9F90-8E9A84E3749C}.Debug|Any CPU.ActiveCfg = Debug|Any CPU
		{5DFF66E5-4788-4E91-9F90-8E9A84E3749C}.Debug|Any CPU.Build.0 = Debug|Any CPU
		{5DFF66E5-4788-4E91-9F90-8E9A84E3749C}.Release|Any CPU.ActiveCfg = Release|Any CPU
		{5DFF66E5-4788-4E91-9F90-8E9A84E3749C}.Release|Any CPU.Build.0 = Release|Any CPU
		{0142783D-57E9-4A34-A165-681B3CE9BECE}.Debug|Any CPU.ActiveCfg = Debug|Any CPU
		{0142783D-57E9-4A34-A165-681B3CE9BECE}.Debug|Any CPU.Build.0 = Debug|Any CPU
		{0142783D-57E9-4A34-A165-681B3CE9BECE}.Release|Any CPU.ActiveCfg = Release|Any CPU
		{0142783D-57E9-4A34-A165-681B3CE9BECE}.Release|Any CPU.Build.0 = Release|Any CPU
		{52F44B92-F87D-42A9-8B0B-74296B87368E}.Debug|Any CPU.ActiveCfg = Debug|Any CPU
		{52F44B92-F87D-42A9-8B0B-74296B87368E}.Debug|Any CPU.Build.0 = Debug|Any CPU
		{52F44B92-F87D-42A9-8B0B-74296B87368E}.Release|Any CPU.ActiveCfg = Release|Any CPU
		{52F44B92-F87D-42A9-8B0B-74296B87368E}.Release|Any CPU.Build.0 = Release|Any CPU
		{0A2E739A-DBF2-4998-A662-5F861F1BE705}.Debug|Any CPU.ActiveCfg = Debug|Any CPU
		{0A2E739A-DBF2-4998-A662-5F861F1BE705}.Debug|Any CPU.Build.0 = Debug|Any CPU
		{0A2E739A-DBF2-4998-A662-5F861F1BE705}.Release|Any CPU.ActiveCfg = Release|Any CPU
		{0A2E739A-DBF2-4998-A662-5F861F1BE705}.Release|Any CPU.Build.0 = Release|Any CPU
		{D952637E-93CC-4C80-BEB9-F871D2BC7105}.Debug|Any CPU.ActiveCfg = Debug|Any CPU
		{D952637E-93CC-4C80-BEB9-F871D2BC7105}.Debug|Any CPU.Build.0 = Debug|Any CPU
		{D952637E-93CC-4C80-BEB9-F871D2BC7105}.Release|Any CPU.ActiveCfg = Release|Any CPU
		{D952637E-93CC-4C80-BEB9-F871D2BC7105}.Release|Any CPU.Build.0 = Release|Any CPU
		{78DD0829-F925-4880-BF04-C69FBE3400F7}.Debug|Any CPU.ActiveCfg = Debug|Any CPU
		{78DD0829-F925-4880-BF04-C69FBE3400F7}.Debug|Any CPU.Build.0 = Debug|Any CPU
		{78DD0829-F925-4880-BF04-C69FBE3400F7}.Release|Any CPU.ActiveCfg = Release|Any CPU
		{78DD0829-F925-4880-BF04-C69FBE3400F7}.Release|Any CPU.Build.0 = Release|Any CPU
		{85B6E8C1-FB97-4D50-8562-C556D55EE565}.Debug|Any CPU.ActiveCfg = Debug|Any CPU
		{85B6E8C1-FB97-4D50-8562-C556D55EE565}.Debug|Any CPU.Build.0 = Debug|Any CPU
		{85B6E8C1-FB97-4D50-8562-C556D55EE565}.Release|Any CPU.ActiveCfg = Release|Any CPU
		{85B6E8C1-FB97-4D50-8562-C556D55EE565}.Release|Any CPU.Build.0 = Release|Any CPU
		{CE1AD7B8-99B9-4708-BAF4-1AD821D754DB}.Debug|Any CPU.ActiveCfg = Debug|Any CPU
		{CE1AD7B8-99B9-4708-BAF4-1AD821D754DB}.Debug|Any CPU.Build.0 = Debug|Any CPU
		{CE1AD7B8-99B9-4708-BAF4-1AD821D754DB}.Release|Any CPU.ActiveCfg = Release|Any CPU
		{CE1AD7B8-99B9-4708-BAF4-1AD821D754DB}.Release|Any CPU.Build.0 = Release|Any CPU
		{41266822-F7F1-4D6E-8B9F-628A9A858289}.Debug|Any CPU.ActiveCfg = Debug|Any CPU
		{41266822-F7F1-4D6E-8B9F-628A9A858289}.Debug|Any CPU.Build.0 = Debug|Any CPU
		{41266822-F7F1-4D6E-8B9F-628A9A858289}.Release|Any CPU.ActiveCfg = Release|Any CPU
		{41266822-F7F1-4D6E-8B9F-628A9A858289}.Release|Any CPU.Build.0 = Release|Any CPU
	EndGlobalSection
EndGlobal
